
Microsoft Visual Studio Solution File, Format Version 12.00
# Visual Studio Version 17
VisualStudioVersion = 17.5.002.0
MinimumVisualStudioVersion = 10.0.40219.1
Project("{9A19103F-16F7-4668-BE54-9A1E7A4F7556}") = "ClinicaAPI", "ClinicaAPI.csproj", "{61CA3B69-6860-4AFA-993E-058A5A4DC057}"
EndProject
Global
	GlobalSection(SolutionConfigurationPlatforms) = preSolution
		Debug|Any CPU = Debug|Any CPU
		Release|Any CPU = Release|Any CPU
	EndGlobalSection
	GlobalSection(ProjectConfigurationPlatforms) = postSolution
		{61CA3B69-6860-4AFA-993E-058A5A4DC057}.Debug|Any CPU.ActiveCfg = Debug|Any CPU
		{61CA3B69-6860-4AFA-993E-058A5A4DC057}.Debug|Any CPU.Build.0 = Debug|Any CPU
		{61CA3B69-6860-4AFA-993E-058A5A4DC057}.Release|Any CPU.ActiveCfg = Release|Any CPU
		{61CA3B69-6860-4AFA-993E-058A5A4DC057}.Release|Any CPU.Build.0 = Release|Any CPU
	EndGlobalSection
	GlobalSection(SolutionProperties) = preSolution
		HideSolutionNode = FALSE
	EndGlobalSection
	GlobalSection(ExtensibilityGlobals) = postSolution
		SolutionGuid = {79CAD7B5-607E-4AB8-A7B1-0AE68C41972C}
	EndGlobalSection
EndGlobal
